{
    "name": "@vanshdeeparya/create-scalable-backend",
    "version": "1.0.7",
    "lockfileVersion": 3,
    "requires": true,
    "packages": {
        "": {
            "name": "@vanshdeeparya/create-scalable-backend",
            "version": "1.0.7",
            "license": "MIT",
            "bin": {
                "create-scalable-backend": "bin/create-node-module.js"
            }
        }
    }
}
